// !$*UTF8*$!
{
	archiveVersion = 1;
	classes = {
	};
	objectVersion = 100;
	objects = {

/* Begin PBXBuildFile section */
		FE3C18C42EED8C1700A8943B /* Auth in Frameworks */ = {isa = PBXBuildFile; productRef = FE3C18C32EED8C1700A8943B /* Auth */; };
		FE3C18C62EED8C1700A8943B /* Functions in Frameworks */ = {isa = PBXBuildFile; productRef = FE3C18C52EED8C1700A8943B /* Functions */; };
		FE3C18C82EED8C1700A8943B /* PostgREST in Frameworks */ = {isa = PBXBuildFile; productRef = FE3C18C72EED8C1700A8943B /* PostgREST */; };
		FE3C18CA2EED8C1700A8943B /* Realtime in Frameworks */ = {isa = PBXBuildFile; productRef = FE3C18C92EED8C1700A8943B /* Realtime */; };
		FE3C18CC2EED8C1700A8943B /* Storage in Frameworks */ = {isa = PBXBuildFile; productRef = FE3C18CB2EED8C1700A8943B /* Storage */; };
		FE3C18CE2EED8C1700A8943B /* Supabase in Frameworks */ = {isa = PBXBuildFile; productRef = FE3C18CD2EED8C1700A8943B /* Supabase */; };
/* End PBXBuildFile section */

/* Begin PBXFileReference section */
		FE3C18B42EED8BE300A8943B /* speakEasy.app */ = {isa = PBXFileReference; explicitFileType = wrapper.application; includeInIndex = 0; path = speakEasy.app; sourceTree = BUILT_PRODUCTS_DIR; };
/* End PBXFileReference section */

/* Begin PBXFileSystemSynchronizedBuildFileExceptionSet section */
		FE3C18D02EED8C4700A8943B /* Exceptions for "speakEasy" folder in "speakEasy" target */ = {
			isa = PBXFileSystemSynchronizedBuildFileExceptionSet;
			membershipExceptions = (
				Info.plist,
			);
			target = FE3C18B32EED8BE300A8943B /* speakEasy */;
		};
/* End PBXFileSystemSynchronizedBuildFileExceptionSet section */

/* Begin PBXFileSystemSynchronizedRootGroup section */
		FE3C18B62EED8BE300A8943B /* speakEasy */ = {
			isa = PBXFileSystemSynchronizedRootGroup;
			exceptions = (
				FE3C18D02EED8C4700A8943B /* Exceptions for "speakEasy" folder in "speakEasy" target */,
			);
			path = speakEasy;
			sourceTree = "<group>";
		};
/* End PBXFileSystemSynchronizedRootGroup section */

/* Begin PBXFrameworksBuildPhase section */
		FE3C18B12EED8BE300A8943B /* Frameworks */ = {
			isa = PBXFrameworksBuildPhase;
			files = (
				FE3C18C82EED8C1700A8943B /* PostgREST in Frameworks */,
				FE3C18C62EED8C1700A8943B /* Functions in Frameworks */,
				FE3C18CE2EED8C1700A8943B /* Supabase in Frameworks */,
				FE3C18C42EED8C1700A8943B /* Auth in Frameworks */,
				FE3C18CC2EED8C1700A8943B /* Storage in Frameworks */,
				FE3C18CA2EED8C1700A8943B /* Realtime in Frameworks */,
			);
		};
/* End PBXFrameworksBuildPhase section */

/* Begin PBXGroup section */
		FE3C18AB2EED8BE300A8943B = {
			isa = PBXGroup;
			children = (
				FE3C18B62EED8BE300A8943B /* speakEasy */,
				FE3C18B52EED8BE300A8943B /* Products */,
			);
			sourceTree = "<group>";
		};
		FE3C18B52EED8BE300A8943B /* Products */ = {
			isa = PBXGroup;
			children = (
				FE3C18B42EED8BE300A8943B /* speakEasy.app */,
			);
			name = Products;
			sourceTree = "<group>";
		};
/* End PBXGroup section */

/* Begin PBXNativeTarget section */
		FE3C18B32EED8BE300A8943B /* speakEasy */ = {
			isa = PBXNativeTarget;
			buildConfigurationList = FE3C18BF2EED8BE400A8943B /* Build configuration list for PBXNativeTarget "speakEasy" */;
			buildPhases = (
				FE3C18B02EED8BE300A8943B /* Sources */,
				FE3C18B12EED8BE300A8943B /* Frameworks */,
				FE3C18B22EED8BE300A8943B /* Resources */,
			);
			buildRules = (
			);
			fileSystemSynchronizedGroups = (
				FE3C18B62EED8BE300A8943B /* speakEasy */,
			);
			name = speakEasy;
			packageProductDependencies = (
				FE3C18C32EED8C1700A8943B /* Auth */,
				FE3C18C52EED8C1700A8943B /* Functions */,
				FE3C18C72EED8C1700A8943B /* PostgREST */,
				FE3C18C92EED8C1700A8943B /* Realtime */,
				FE3C18CB2EED8C1700A8943B /* Storage */,
				FE3C18CD2EED8C1700A8943B /* Supabase */,
			);
			productName = speakEasy;
			productReference = FE3C18B42EED8BE300A8943B /* speakEasy.app */;
			productType = "com.apple.product-type.application";
		};
/* End PBXNativeTarget section */

/* Begin PBXProject section */
		FE3C18AC2EED8BE300A8943B /* Project object */ = {
			isa = PBXProject;
			attributes = {
				BuildIndependentTargetsInParallel = 1;
				LastSwiftUpdateCheck = 2600;
				LastUpgradeCheck = 2640;
				TargetAttributes = {
					FE3C18B32EED8BE300A8943B = {
						CreatedOnToolsVersion = 26.0.1;
					};
				};
			};
			buildConfigurationList = FE3C18AF2EED8BE300A8943B /* Build configuration list for PBXProject "speakEasy" */;
			developmentRegion = en;
			hasScannedForEncodings = 0;
			knownRegions = (
				en,
				Base,
			);
			mainGroup = FE3C18AB2EED8BE300A8943B;
			minimizedProjectReferenceProxies = 1;
			packageReferences = (
				FE3C18C22EED8C1700A8943B /* XCRemoteSwiftPackageReference "supabase-swift" */,
			);
			preferredProjectObjectVersion = 100;
			productRefGroup = FE3C18B52EED8BE300A8943B /* Products */;
			projectDirPath = "";
			projectRoot = "";
			targets = (
				FE3C18B32EED8BE300A8943B /* speakEasy */,
			);
		};
/* End PBXProject section */

/* Begin PBXResourcesBuildPhase section */
		FE3C18B22EED8BE300A8943B /* Resources */ = {
			isa = PBXResourcesBuildPhase;
			files = (
			);
		};
/* End PBXResourcesBuildPhase section */

/* Begin PBXSourcesBuildPhase section */
		FE3C18B02EED8BE300A8943B /* Sources */ = {
			isa = PBXSourcesBuildPhase;
			files = (
			);
		};
/* End PBXSourcesBuildPhase section */

/* Begin XCBuildConfiguration section */
		FE3C18BD2EED8BE400A8943B /* Debug configuration for PBXProject "speakEasy" */ = {
			isa = XCBuildConfiguration;
			buildSettings = {
				ALWAYS_SEARCH_USER_PATHS = NO;
				ASSETCATALOG_COMPILER_GENERATE_SWIFT_ASSET_SYMBOL_EXTENSIONS = YES;
				CLANG_ANALYZER_NONNULL = YES;
				CLANG_ANALYZER_NUMBER_OBJECT_CONVERSION = YES_AGGRESSIVE;
				CLANG_CXX_LANGUAGE_STANDARD = "gnu++20";
				CLANG_ENABLE_MODULES = YES;
				CLANG_ENABLE_OBJC_ARC = YES;
				CLANG_ENABLE_OBJC_WEAK = YES;
				CLANG_WARN_BLOCK_CAPTURE_AUTORELEASING = YES;
				CLANG_WARN_BOOL_CONVERSION = YES;
				CLANG_WARN_COMMA = YES;
				CLANG_WARN_CONSTANT_CONVERSION = YES;
				CLANG_WARN_DEPRECATED_OBJC_IMPLEMENTATIONS = YES;
				CLANG_WARN_DIRECT_OBJC_ISA_USAGE = YES_ERROR;
				CLANG_WARN_DOCUMENTATION_COMMENTS = YES;
				CLANG_WARN_EMPTY_BODY = YES;
				CLANG_WARN_ENUM_CONVERSION = YES;
				CLANG_WARN_INFINITE_RECURSION = YES;
				CLANG_WARN_INT_CONVERSION = YES;
				CLANG_WARN_NON_LITERAL_NULL_CONVERSION = YES;
				CLANG_WARN_OBJC_IMPLICIT_RETAIN_SELF = YES;
				CLANG_WARN_OBJC_LITERAL_CONVERSION = YES;
				CLANG_WARN_OBJC_ROOT_CLASS = YES_ERROR;
				CLANG_WARN_QUOTED_INCLUDE_IN_FRAMEWORK_HEADER = YES;
				CLANG_WARN_RANGE_LOOP_ANALYSIS = YES;
				CLANG_WARN_STRICT_PROTOTYPES = YES;
				CLANG_WARN_SUSPICIOUS_MOVE = YES;
				CLANG_WARN_UNGUARDED_AVAILABILITY = YES_AGGRESSIVE;
				CLANG_WARN_UNREACHABLE_CODE = YES;
				CLANG_WARN__DUPLICATE_METHOD_MATCH = YES;
				COPY_PHASE_STRIP = NO;
				DEBUG_INFORMATION_FORMAT = dwarf;
				DEVELOPMENT_TEAM = W7279G3A87;
				ENABLE_STRICT_OBJC_MSGSEND = YES;
				ENABLE_TESTABILITY = YES;
				ENABLE_USER_SCRIPT_SANDBOXING = YES;
				GCC_C_LANGUAGE_STANDARD = gnu17;
				GCC_DYNAMIC_NO_PIC = NO;
				GCC_NO_COMMON_BLOCKS = YES;
				GCC_OPTIMIZATION_LEVEL = 0;
				GCC_PREPROCESSOR_DEFINITIONS = (
					"DEBUG=1",
					"$(inherited)",
				);
				GCC_WARN_64_TO_32_BIT_CONVERSION = YES;
				GCC_WARN_ABOUT_RETURN_TYPE = YES_ERROR;
				GCC_WARN_UNDECLARED_SELECTOR = YES;
				GCC_WARN_UNINITIALIZED_AUTOS = YES_AGGRESSIVE;
				GCC_WARN_UNUSED_FUNCTION = YES;
				GCC_WARN_UNUSED_VARIABLE = YES;
				IPHONEOS_DEPLOYMENT_TARGET = 26.0;
				LOCALIZATION_PREFERS_STRING_CATALOGS = YES;
				MTL_ENABLE_DEBUG_INFO = INCLUDE_SOURCE;
				MTL_FAST_MATH = YES;
				ONLY_ACTIVE_ARCH = YES;
				SDKROOT = iphoneos;
				STRING_CATALOG_GENERATE_SYMBOLS = YES;
				SWIFT_ACTIVE_COMPILATION_CONDITIONS = "DEBUG $(inherited)";
				SWIFT_OPTIMIZATION_LEVEL = "-Onone";
			};
			name = Debug;
		};
		FE3C18BE2EED8BE400A8943B /* Release configuration for PBXProject "speakEasy" */ = {
			isa = XCBuildConfiguration;
			buildSettings = {
				ALWAYS_SEARCH_USER_PATHS = NO;
				ASSETCATALOG_COMPILER_GENERATE_SWIFT_ASSET_SYMBOL_EXTENSIONS = YES;
				CLANG_ANALYZER_NONNULL = YES;
				CLANG_ANALYZER_NUMBER_OBJECT_CONVERSION = YES_AGGRESSIVE;
				CLANG_CXX_LANGUAGE_STANDARD = "gnu++20";
				CLANG_ENABLE_MODULES = YES;
				CLANG_ENABLE_OBJC_ARC = YES;
				CLANG_ENABLE_OBJC_WEAK = YES;
				CLANG_WARN_BLOCK_CAPTURE_AUTORELEASING = YES;
				CLANG_WARN_BOOL_CONVERSION = YES;
				CLANG_WARN_COMMA = YES;
				CLANG_WARN_CONSTANT_CONVERSION = YES;
				CLANG_WARN_DEPRECATED_OBJC_IMPLEMENTATIONS = YES;
				CLANG_WARN_DIRECT_OBJC_ISA_USAGE = YES_ERROR;
				CLANG_WARN_DOCUMENTATION_COMMENTS = YES;
				CLANG_WARN_EMPTY_BODY = YES;
				CLANG_WARN_ENUM_CONVERSION = YES;
				CLANG_WARN_INFINITE_RECURSION = YES;
				CLANG_WARN_INT_CONVERSION = YES;
				CLANG_WARN_NON_LITERAL_NULL_CONVERSION = YES;
				CLANG_WARN_OBJC_IMPLICIT_RETAIN_SELF = YES;
				CLANG_WARN_OBJC_LITERAL_CONVERSION = YES;
				CLANG_WARN_OBJC_ROOT_CLASS = YES_ERROR;
				CLANG_WARN_QUOTED_INCLUDE_IN_FRAMEWORK_HEADER = YES;
				CLANG_WARN_RANGE_LOOP_ANALYSIS = YES;
				CLANG_WARN_STRICT_PROTOTYPES = YES;
				CLANG_WARN_SUSPICIOUS_MOVE = YES;
				CLANG_WARN_UNGUARDED_AVAILABILITY = YES_AGGRESSIVE;
				CLANG_WARN_UNREACHABLE_CODE = YES;
				CLANG_WARN__DUPLICATE_METHOD_MATCH = YES;
				COPY_PHASE_STRIP = NO;
				DEBUG_INFORMATION_FORMAT = "dwarf-with-dsym";
				DEVELOPMENT_TEAM = W7279G3A87;
				ENABLE_NS_ASSERTIONS = NO;
				ENABLE_STRICT_OBJC_MSGSEND = YES;
				ENABLE_USER_SCRIPT_SANDBOXING = YES;
				GCC_C_LANGUAGE_STANDARD = gnu17;
				GCC_NO_COMMON_BLOCKS = YES;
				GCC_WARN_64_TO_32_BIT_CONVERSION = YES;
				GCC_WARN_ABOUT_RETURN_TYPE = YES_ERROR;
				GCC_WARN_UNDECLARED_SELECTOR = YES;
				GCC_WARN_UNINITIALIZED_AUTOS = YES_AGGRESSIVE;
				GCC_WARN_UNUSED_FUNCTION = YES;
				GCC_WARN_UNUSED_VARIABLE = YES;
				IPHONEOS_DEPLOYMENT_TARGET = 26.0;
				LOCALIZATION_PREFERS_STRING_CATALOGS = YES;
				MTL_ENABLE_DEBUG_INFO = NO;
				MTL_FAST_MATH = YES;
				SDKROOT = iphoneos;
				STRING_CATALOG_GENERATE_SYMBOLS = YES;
				SWIFT_COMPILATION_MODE = wholemodule;
				VALIDATE_PRODUCT = YES;
			};
			name = Release;
		};
		FE3C18C02EED8BE400A8943B /* Debug configuration for PBXNativeTarget "speakEasy" */ = {
			isa = XCBuildConfiguration;
			buildSettings = {
				ASSETCATALOG_COMPILER_APPICON_NAME = AppIcon;
				ASSETCATALOG_COMPILER_GLOBAL_ACCENT_COLOR_NAME = AccentColor;
				CODE_SIGN_ENTITLEMENTS = speakEasy/speakEasy.entitlements;
				CODE_SIGN_STYLE = Automatic;
				CURRENT_PROJECT_VERSION = 1;
				DEVELOPMENT_TEAM = W7279G3A87;
				ENABLE_PREVIEWS = YES;
				GENERATE_INFOPLIST_FILE = YES;
				INFOPLIST_FILE = speakEasy/Info.plist;
				INFOPLIST_KEY_NSAppleMusicUsageDescription = "SpeakEasy uses media playback features to support listening practice when needed.";
				INFOPLIST_KEY_NSCameraUsageDescription = "SpeakEasy uses the camera so you can capture pages and extract text for reading practice.";
				INFOPLIST_KEY_NSMicrophoneUsageDescription = "We need access to record pronunciation.";
				INFOPLIST_KEY_NSPhotoLibraryUsageDescription = "SpeakEasy accesses your photos so you can choose images to extract text and study words.";
				INFOPLIST_KEY_NSSpeechRecognitionUsageDescription = "We need access to evaluate pronunciation.";
				INFOPLIST_KEY_UIApplicationSceneManifest_Generation = YES;
				INFOPLIST_KEY_UIApplicationSupportsIndirectInputEvents = YES;
				INFOPLIST_KEY_UILaunchScreen_Generation = YES;
				INFOPLIST_KEY_UISupportedInterfaceOrientations_iPad = "UIInterfaceOrientationPortrait UIInterfaceOrientationPortraitUpsideDown UIInterfaceOrientationLandscapeLeft UIInterfaceOrientationLandscapeRight";
				INFOPLIST_KEY_UISupportedInterfaceOrientations_iPhone = "UIInterfaceOrientationPortrait UIInterfaceOrientationLandscapeLeft UIInterfaceOrientationLandscapeRight";
				LD_RUNPATH_SEARCH_PATHS = (
					"$(inherited)",
					"@executable_path/Frameworks",
				);
				MARKETING_VERSION = 1.0;
				PRODUCT_BUNDLE_IDENTIFIER = edu.galgotias.speakEase;
				PRODUCT_NAME = "$(TARGET_NAME)";
				STRING_CATALOG_GENERATE_SYMBOLS = YES;
				SWIFT_APPROACHABLE_CONCURRENCY = YES;
				SWIFT_DEFAULT_ACTOR_ISOLATION = MainActor;
				SWIFT_EMIT_LOC_STRINGS = YES;
				SWIFT_UPCOMING_FEATURE_MEMBER_IMPORT_VISIBILITY = YES;
				SWIFT_VERSION = 5.0;
				TARGETED_DEVICE_FAMILY = "1,2";
			};
			name = Debug;
		};
		FE3C18C12EED8BE400A8943B /* Release configuration for PBXNativeTarget "speakEasy" */ = {
			isa = XCBuildConfiguration;
			buildSettings = {
				ASSETCATALOG_COMPILER_APPICON_NAME = AppIcon;
				ASSETCATALOG_COMPILER_GLOBAL_ACCENT_COLOR_NAME = AccentColor;
				CODE_SIGN_ENTITLEMENTS = speakEasy/speakEasy.entitlements;
				CODE_SIGN_STYLE = Automatic;
				CURRENT_PROJECT_VERSION = 1;
				DEVELOPMENT_TEAM = W7279G3A87;
				ENABLE_PREVIEWS = YES;
				GENERATE_INFOPLIST_FILE = YES;
				INFOPLIST_FILE = speakEasy/Info.plist;
				INFOPLIST_KEY_NSAppleMusicUsageDescription = "SpeakEasy uses media playback features to support listening practice when needed.";
				INFOPLIST_KEY_NSCameraUsageDescription = "SpeakEasy uses the camera so you can capture pages and extract text for reading practice.";
				INFOPLIST_KEY_NSMicrophoneUsageDescription = "We need access to record pronunciation.";
				INFOPLIST_KEY_NSPhotoLibraryUsageDescription = "SpeakEasy accesses your photos so you can choose images to extract text and study words.";
				INFOPLIST_KEY_NSSpeechRecognitionUsageDescription = "We need access to evaluate pronunciation.";
				INFOPLIST_KEY_UIApplicationSceneManifest_Generation = YES;
				INFOPLIST_KEY_UIApplicationSupportsIndirectInputEvents = YES;
				INFOPLIST_KEY_UILaunchScreen_Generation = YES;
				INFOPLIST_KEY_UISupportedInterfaceOrientations_iPad = "UIInterfaceOrientationPortrait UIInterfaceOrientationPortraitUpsideDown UIInterfaceOrientationLandscapeLeft UIInterfaceOrientationLandscapeRight";
				INFOPLIST_KEY_UISupportedInterfaceOrientations_iPhone = "UIInterfaceOrientationPortrait UIInterfaceOrientationLandscapeLeft UIInterfaceOrientationLandscapeRight";
				LD_RUNPATH_SEARCH_PATHS = (
					"$(inherited)",
					"@executable_path/Frameworks",
				);
				MARKETING_VERSION = 1.0;
				PRODUCT_BUNDLE_IDENTIFIER = edu.galgotias.speakEase;
				PRODUCT_NAME = "$(TARGET_NAME)";
				STRING_CATALOG_GENERATE_SYMBOLS = YES;
				SWIFT_APPROACHABLE_CONCURRENCY = YES;
				SWIFT_DEFAULT_ACTOR_ISOLATION = MainActor;
				SWIFT_EMIT_LOC_STRINGS = YES;
				SWIFT_UPCOMING_FEATURE_MEMBER_IMPORT_VISIBILITY = YES;
				SWIFT_VERSION = 5.0;
				TARGETED_DEVICE_FAMILY = "1,2";
			};
			name = Release;
		};
/* End XCBuildConfiguration section */

/* Begin XCConfigurationList section */
		FE3C18AF2EED8BE300A8943B /* Build configuration list for PBXProject "speakEasy" */ = {
			isa = XCConfigurationList;
			buildConfigurations = (
				FE3C18BD2EED8BE400A8943B /* Debug configuration for PBXProject "speakEasy" */,
				FE3C18BE2EED8BE400A8943B /* Release configuration for PBXProject "speakEasy" */,
			);
			defaultConfigurationName = Release;
		};
		FE3C18BF2EED8BE400A8943B /* Build configuration list for PBXNativeTarget "speakEasy" */ = {
			isa = XCConfigurationList;
			buildConfigurations = (
				FE3C18C02EED8BE400A8943B /* Debug configuration for PBXNativeTarget "speakEasy" */,
				FE3C18C12EED8BE400A8943B /* Release configuration for PBXNativeTarget "speakEasy" */,
			);
			defaultConfigurationName = Release;
		};
/* End XCConfigurationList section */

/* Begin XCRemoteSwiftPackageReference section */
		FE3C18C22EED8C1700A8943B /* XCRemoteSwiftPackageReference "supabase-swift" */ = {
			isa = XCRemoteSwiftPackageReference;
			repositoryURL = "https://github.com/supabase/supabase-swift.git";
			requirement = {
				kind = upToNextMajorVersion;
				minimumVersion = 2.5.1;
			};
		};
/* End XCRemoteSwiftPackageReference section */

/* Begin XCSwiftPackageProductDependency section */
		FE3C18C32EED8C1700A8943B /* Auth */ = {
			isa = XCSwiftPackageProductDependency;
			package = FE3C18C22EED8C1700A8943B /* XCRemoteSwiftPackageReference "supabase-swift" */;
			productName = Auth;
		};
		FE3C18C52EED8C1700A8943B /* Functions */ = {
			isa = XCSwiftPackageProductDependency;
			package = FE3C18C22EED8C1700A8943B /* XCRemoteSwiftPackageReference "supabase-swift" */;
			productName = Functions;
		};
		FE3C18C72EED8C1700A8943B /* PostgREST */ = {
			isa = XCSwiftPackageProductDependency;
			package = FE3C18C22EED8C1700A8943B /* XCRemoteSwiftPackageReference "supabase-swift" */;
			productName = PostgREST;
		};
		FE3C18C92EED8C1700A8943B /* Realtime */ = {
			isa = XCSwiftPackageProductDependency;
			package = FE3C18C22EED8C1700A8943B /* XCRemoteSwiftPackageReference "supabase-swift" */;
			productName = Realtime;
		};
		FE3C18CB2EED8C1700A8943B /* Storage */ = {
			isa = XCSwiftPackageProductDependency;
			package = FE3C18C22EED8C1700A8943B /* XCRemoteSwiftPackageReference "supabase-swift" */;
			productName = Storage;
		};
		FE3C18CD2EED8C1700A8943B /* Supabase */ = {
			isa = XCSwiftPackageProductDependency;
			package = FE3C18C22EED8C1700A8943B /* XCRemoteSwiftPackageReference "supabase-swift" */;
			productName = Supabase;
		};
/* End XCSwiftPackageProductDependency section */
	};
	rootObject = FE3C18AC2EED8BE300A8943B /* Project object */;
}
